// !$*UTF8*$!
{
	archiveVersion = 1;
	classes = {
	};
	objectVersion = 46;
	objects = {

/* Begin PBXBuildFile section */
		462559981A3000FC001C84E3 /* PopoverView.swift in Sources */ = {isa = PBXBuildFile; fileRef = 462559971A3000FC001C84E3 /* PopoverView.swift */; };
		4654B65E1A30401A005ED4AE /* DragView.swift in Sources */ = {isa = PBXBuildFile; fileRef = 4654B65D1A30401A005ED4AE /* DragView.swift */; };
		467F0B5E1A2E405900D988DB /* AppDelegate.swift in Sources */ = {isa = PBXBuildFile; fileRef = 467F0B5D1A2E405900D988DB /* AppDelegate.swift */; };
		467F0B621A2E405900D988DB /* Images.xcassets in Resources */ = {isa = PBXBuildFile; fileRef = 467F0B611A2E405900D988DB /* Images.xcassets */; };
		467F0B711A2E405900D988DB /* Ocean_ink_menubarTests.swift in Sources */ = {isa = PBXBuildFile; fileRef = 467F0B701A2E405900D988DB /* Ocean_ink_menubarTests.swift */; };
		46B834561A2FD819008EFF63 /* MainMenu.xib in Resources */ = {isa = PBXBuildFile; fileRef = 46B834551A2FD819008EFF63 /* MainMenu.xib */; };
/* End PBXBuildFile section */

/* Begin PBXContainerItemProxy section */
		467F0B6B1A2E405900D988DB /* PBXContainerItemProxy */ = {
			isa = PBXContainerItemProxy;
			containerPortal = 467F0B501A2E405900D988DB /* Project object */;
			proxyType = 1;
			remoteGlobalIDString = 467F0B571A2E405900D988DB;
			remoteInfo = "Ocean.ink-menubar";
		};
/* End PBXContainerItemProxy section */

/* Begin PBXFileReference section */
		462559971A3000FC001C84E3 /* PopoverView.swift */ = {isa = PBXFileReference; fileEncoding = 4; lastKnownFileType = sourcecode.swift; path = PopoverView.swift; sourceTree = "<group>"; };
		4654B65D1A30401A005ED4AE /* DragView.swift */ = {isa = PBXFileReference; fileEncoding = 4; lastKnownFileType = sourcecode.swift; path = DragView.swift; sourceTree = "<group>"; };
		467F0B581A2E405900D988DB /* Ocean.ink-menubar.app */ = {isa = PBXFileReference; explicitFileType = wrapper.application; includeInIndex = 0; path = "Ocean.ink-menubar.app"; sourceTree = BUILT_PRODUCTS_DIR; };
		467F0B5C1A2E405900D988DB /* Info.plist */ = {isa = PBXFileReference; lastKnownFileType = text.plist.xml; path = Info.plist; sourceTree = "<group>"; };
		467F0B5D1A2E405900D988DB /* AppDelegate.swift */ = {isa = PBXFileReference; lastKnownFileType = sourcecode.swift; path = AppDelegate.swift; sourceTree = "<group>"; };
		467F0B611A2E405900D988DB /* Images.xcassets */ = {isa = PBXFileReference; lastKnownFileType = folder.assetcatalog; path = Images.xcassets; sourceTree = "<group>"; };
		467F0B6A1A2E405900D988DB /* Ocean.ink-menubarTests.xctest */ = {isa = PBXFileReference; explicitFileType = wrapper.cfbundle; includeInIndex = 0; path = "Ocean.ink-menubarTests.xctest"; sourceTree = BUILT_PRODUCTS_DIR; };
		467F0B6F1A2E405900D988DB /* Info.plist */ = {isa = PBXFileReference; lastKnownFileType = text.plist.xml; path = Info.plist; sourceTree = "<group>"; };
		467F0B701A2E405900D988DB /* Ocean_ink_menubarTests.swift */ = {isa = PBXFileReference; lastKnownFileType = sourcecode.swift; path = Ocean_ink_menubarTests.swift; sourceTree = "<group>"; };
		46B834551A2FD819008EFF63 /* MainMenu.xib */ = {isa = PBXFileReference; fileEncoding = 4; lastKnownFileType = file.xib; path = MainMenu.xib; sourceTree = "<group>"; };
/* End PBXFileReference section */

/* Begin PBXFrameworksBuildPhase section */
		467F0B551A2E405900D988DB /* Frameworks */ = {
			isa = PBXFrameworksBuildPhase;
			buildActionMask = 2147483647;
			files = (
			);
			runOnlyForDeploymentPostprocessing = 0;
		};
		467F0B671A2E405900D988DB /* Frameworks */ = {
			isa = PBXFrameworksBuildPhase;
			buildActionMask = 2147483647;
			files = (
			);
			runOnlyForDeploymentPostprocessing = 0;
		};
/* End PBXFrameworksBuildPhase section */

/* Begin PBXGroup section */
		467F0B4F1A2E405900D988DB = {
			isa = PBXGroup;
			children = (
				467F0B5A1A2E405900D988DB /* Ocean.ink-menubar */,
				467F0B6D1A2E405900D988DB /* Ocean.ink-menubarTests */,
				467F0B591A2E405900D988DB /* Products */,
			);
			sourceTree = "<group>";
		};
		467F0B591A2E405900D988DB /* Products */ = {
			isa = PBXGroup;
			children = (
				467F0B581A2E405900D988DB /* Ocean.ink-menubar.app */,
				467F0B6A1A2E405900D988DB /* Ocean.ink-menubarTests.xctest */,
			);
			name = Products;
			sourceTree = "<group>";
		};
		467F0B5A1A2E405900D988DB /* Ocean.ink-menubar */ = {
			isa = PBXGroup;
			children = (
				467F0B5D1A2E405900D988DB /* AppDelegate.swift */,
				462559971A3000FC001C84E3 /* PopoverView.swift */,
				4654B65D1A30401A005ED4AE /* DragView.swift */,
				46B834551A2FD819008EFF63 /* MainMenu.xib */,
				467F0B611A2E405900D988DB /* Images.xcassets */,
				467F0B5B1A2E405900D988DB /* Supporting Files */,
			);
			path = "Ocean.ink-menubar";
			sourceTree = "<group>";
		};
		467F0B5B1A2E405900D988DB /* Supporting Files */ = {
			isa = PBXGroup;
			children = (
				467F0B5C1A2E405900D988DB /* Info.plist */,
			);
			name = "Supporting Files";
			sourceTree = "<group>";
		};
		467F0B6D1A2E405900D988DB /* Ocean.ink-menubarTests */ = {
			isa = PBXGroup;
			children = (
				467F0B701A2E405900D988DB /* Ocean_ink_menubarTests.swift */,
				467F0B6E1A2E405900D988DB /* Supporting Files */,
			);
			path = "Ocean.ink-menubarTests";
			sourceTree = "<group>";
		};
		467F0B6E1A2E405900D988DB /* Supporting Files */ = {
			isa = PBXGroup;
			children = (
				467F0B6F1A2E405900D988DB /* Info.plist */,
			);
			name = "Supporting Files";
			sourceTree = "<group>";
		};
/* End PBXGroup section */

/* Begin PBXNativeTarget section */
		467F0B571A2E405900D988DB /* Ocean.ink-menubar */ = {
			isa = PBXNativeTarget;
			buildConfigurationList = 467F0B741A2E405900D988DB /* Build configuration list for PBXNativeTarget "Ocean.ink-menubar" */;
			buildPhases = (
				467F0B541A2E405900D988DB /* Sources */,
				467F0B551A2E405900D988DB /* Frameworks */,
				467F0B561A2E405900D988DB /* Resources */,
			);
			buildRules = (
			);
			dependencies = (
			);
			name = "Ocean.ink-menubar";
			productName = "Ocean.ink-menubar";
			productReference = 467F0B581A2E405900D988DB /* Ocean.ink-menubar.app */;
			productType = "com.apple.product-type.application";
		};
		467F0B691A2E405900D988DB /* Ocean.ink-menubarTests */ = {
			isa = PBXNativeTarget;
			buildConfigurationList = 467F0B771A2E405900D988DB /* Build configuration list for PBXNativeTarget "Ocean.ink-menubarTests" */;
			buildPhases = (
				467F0B661A2E405900D988DB /* Sources */,
				467F0B671A2E405900D988DB /* Frameworks */,
				467F0B681A2E405900D988DB /* Resources */,
			);
			buildRules = (
			);
			dependencies = (
				467F0B6C1A2E405900D988DB /* PBXTargetDependency */,
			);
			name = "Ocean.ink-menubarTests";
			productName = "Ocean.ink-menubarTests";
			productReference = 467F0B6A1A2E405900D988DB /* Ocean.ink-menubarTests.xctest */;
			productType = "com.apple.product-type.bundle.unit-test";
		};
/* End PBXNativeTarget section */

/* Begin PBXProject section */
		467F0B501A2E405900D988DB /* Project object */ = {
			isa = PBXProject;
			attributes = {
				LastUpgradeCheck = 0610;
				ORGANIZATIONNAME = asb;
				TargetAttributes = {
					467F0B571A2E405900D988DB = {
						CreatedOnToolsVersion = 6.1;
					};
					467F0B691A2E405900D988DB = {
						CreatedOnToolsVersion = 6.1;
						TestTargetID = 467F0B571A2E405900D988DB;
					};
				};
			};
			buildConfigurationList = 467F0B531A2E405900D988DB /* Build configuration list for PBXProject "Ocean.ink-menubar" */;
			compatibilityVersion = "Xcode 3.2";
			developmentRegion = English;
			hasScannedForEncodings = 0;
			knownRegions = (
				en,
				Base,
			);
			mainGroup = 467F0B4F1A2E405900D988DB;
			productRefGroup = 467F0B591A2E405900D988DB /* Products */;
			projectDirPath = "";
			projectRoot = "";
			targets = (
				467F0B571A2E405900D988DB /* Ocean.ink-menubar */,
				467F0B691A2E405900D988DB /* Ocean.ink-menubarTests */,
			);
		};
/* End PBXProject section */

/* Begin PBXResourcesBuildPhase section */
		467F0B561A2E405900D988DB /* Resources */ = {
			isa = PBXResourcesBuildPhase;
			buildActionMask = 2147483647;
			files = (
				467F0B621A2E405900D988DB /* Images.xcassets in Resources */,
				46B834561A2FD819008EFF63 /* MainMenu.xib in Resources */,
			);
			runOnlyForDeploymentPostprocessing = 0;
		};
		467F0B681A2E405900D988DB /* Resources */ = {
			isa = PBXResourcesBuildPhase;
			buildActionMask = 2147483647;
			files = (
			);
			runOnlyForDeploymentPostprocessing = 0;
		};
/* End PBXResourcesBuildPhase section */

/* Begin PBXSourcesBuildPhase section */
		467F0B541A2E405900D988DB /* Sources */ = {
			isa = PBXSourcesBuildPhase;
			buildActionMask = 2147483647;
			files = (
				462559981A3000FC001C84E3 /* PopoverView.swift in Sources */,
				467F0B5E1A2E405900D988DB /* AppDelegate.swift in Sources */,
				4654B65E1A30401A005ED4AE /* DragView.swift in Sources */,
			);
			runOnlyForDeploymentPostprocessing = 0;
		};
		467F0B661A2E405900D988DB /* Sources */ = {
			isa = PBXSourcesBuildPhase;
			buildActionMask = 2147483647;
			files = (
				467F0B711A2E405900D988DB /* Ocean_ink_menubarTests.swift in Sources */,
			);
			runOnlyForDeploymentPostprocessing = 0;
		};
/* End PBXSourcesBuildPhase section */

/* Begin PBXTargetDependency section */
		467F0B6C1A2E405900D988DB /* PBXTargetDependency */ = {
			isa = PBXTargetDependency;
			target = 467F0B571A2E405900D988DB /* Ocean.ink-menubar */;
			targetProxy = 467F0B6B1A2E405900D988DB /* PBXContainerItemProxy */;
		};
/* End PBXTargetDependency section */

/* Begin XCBuildConfiguration section */
		467F0B721A2E405900D988DB /* Debug */ = {
			isa = XCBuildConfiguration;
			buildSettings = {
				ALWAYS_SEARCH_USER_PATHS = NO;
				CLANG_CXX_LANGUAGE_STANDARD = "gnu++0x";
				CLANG_CXX_LIBRARY = "libc++";
				CLANG_ENABLE_MODULES = YES;
				CLANG_ENABLE_OBJC_ARC = YES;
				CLANG_WARN_BOOL_CONVERSION = YES;
				CLANG_WARN_CONSTANT_CONVERSION = YES;
				CLANG_WARN_DIRECT_OBJC_ISA_USAGE = YES_ERROR;
				CLANG_WARN_EMPTY_BODY = YES;
				CLANG_WARN_ENUM_CONVERSION = YES;
				CLANG_WARN_INT_CONVERSION = YES;
				CLANG_WARN_OBJC_ROOT_CLASS = YES_ERROR;
				CLANG_WARN_UNREACHABLE_CODE = YES;
				CLANG_WARN__DUPLICATE_METHOD_MATCH = YES;
				CODE_SIGN_IDENTITY = "-";
				COPY_PHASE_STRIP = NO;
				ENABLE_STRICT_OBJC_MSGSEND = YES;
				GCC_C_LANGUAGE_STANDARD = gnu99;
				GCC_DYNAMIC_NO_PIC = NO;
				GCC_OPTIMIZATION_LEVEL = 0;
				GCC_PREPROCESSOR_DEFINITIONS = (
					"DEBUG=1",
					"$(inherited)",
				);
				GCC_SYMBOLS_PRIVATE_EXTERN = NO;
				GCC_WARN_64_TO_32_BIT_CONVERSION = YES;
				GCC_WARN_ABOUT_RETURN_TYPE = YES_ERROR;
				GCC_WARN_UNDECLARED_SELECTOR = YES;
				GCC_WARN_UNINITIALIZED_AUTOS = YES_AGGRESSIVE;
				GCC_WARN_UNUSED_FUNCTION = YES;
				GCC_WARN_UNUSED_VARIABLE = YES;
				MACOSX_DEPLOYMENT_TARGET = 10.10;
				MTL_ENABLE_DEBUG_INFO = YES;
				ONLY_ACTIVE_ARCH = YES;
				SDKROOT = macosx;
				SWIFT_OPTIMIZATION_LEVEL = "-Onone";
			};
			name = Debug;
		};
		467F0B731A2E405900D988DB /* Release */ = {
			isa = XCBuildConfiguration;
			buildSettings = {
				ALWAYS_SEARCH_USER_PATHS = NO;
				CLANG_CXX_LANGUAGE_STANDARD = "gnu++0x";
				CLANG_CXX_LIBRARY = "libc++";
				CLANG_ENABLE_MODULES = YES;
				CLANG_ENABLE_OBJC_ARC = YES;
				CLANG_WARN_BOOL_CONVERSION = YES;
				CLANG_WARN_CONSTANT_CONVERSION = YES;
				CLANG_WARN_DIRECT_OBJC_ISA_USAGE = YES_ERROR;
				CLANG_WARN_EMPTY_BODY = YES;
				CLANG_WARN_ENUM_CONVERSION = YES;
				CLANG_WARN_INT_CONVERSION = YES;
				CLANG_WARN_OBJC_ROOT_CLASS = YES_ERROR;
				CLANG_WARN_UNREACHABLE_CODE = YES;
				CLANG_WARN__DUPLICATE_METHOD_MATCH = YES;
				CODE_SIGN_IDENTITY = "-";
				COPY_PHASE_STRIP = YES;
				DEBUG_INFORMATION_FORMAT = "dwarf-with-dsym";
				ENABLE_NS_ASSERTIONS = NO;
				ENABLE_STRICT_OBJC_MSGSEND = YES;
				GCC_C_LANGUAGE_STANDARD = gnu99;
				GCC_WARN_64_TO_32_BIT_CONVERSION = YES;
				GCC_WARN_ABOUT_RETURN_TYPE = YES_ERROR;
				GCC_WARN_UNDECLARED_SELECTOR = YES;
				GCC_WARN_UNINITIALIZED_AUTOS = YES_AGGRESSIVE;
				GCC_WARN_UNUSED_FUNCTION = YES;
				GCC_WARN_UNUSED_VARIABLE = YES;
				MACOSX_DEPLOYMENT_TARGET = 10.10;
				MTL_ENABLE_DEBUG_INFO = NO;
				SDKROOT = macosx;
			};
			name = Release;
		};
		467F0B751A2E405900D988DB /* Debug */ = {
			isa = XCBuildConfiguration;
			buildSettings = {
				ASSETCATALOG_COMPILER_APPICON_NAME = AppIcon;
				COMBINE_HIDPI_IMAGES = YES;
				INFOPLIST_FILE = "Ocean.ink-menubar/Info.plist";
				LD_RUNPATH_SEARCH_PATHS = "$(inherited) @executable_path/../Frameworks";
				PRODUCT_NAME = "$(TARGET_NAME)";
			};
			name = Debug;
		};
		467F0B761A2E405900D988DB /* Release */ = {
			isa = XCBuildConfiguration;
			buildSettings = {
				ASSETCATALOG_COMPILER_APPICON_NAME = AppIcon;
				COMBINE_HIDPI_IMAGES = YES;
				INFOPLIST_FILE = "Ocean.ink-menubar/Info.plist";
				LD_RUNPATH_SEARCH_PATHS = "$(inherited) @executable_path/../Frameworks";
				PRODUCT_NAME = "$(TARGET_NAME)";
			};
			name = Release;
		};
		467F0B781A2E405900D988DB /* Debug */ = {
			isa = XCBuildConfiguration;
			buildSettings = {
				BUNDLE_LOADER = "$(TEST_HOST)";
				COMBINE_HIDPI_IMAGES = YES;
				FRAMEWORK_SEARCH_PATHS = (
					"$(DEVELOPER_FRAMEWORKS_DIR)",
					"$(inherited)",
				);
				GCC_PREPROCESSOR_DEFINITIONS = (
					"DEBUG=1",
					"$(inherited)",
				);
				INFOPLIST_FILE = "Ocean.ink-menubarTests/Info.plist";
				LD_RUNPATH_SEARCH_PATHS = "$(inherited) @executable_path/../Frameworks @loader_path/../Frameworks";
				PRODUCT_NAME = "$(TARGET_NAME)";
				TEST_HOST = "$(BUILT_PRODUCTS_DIR)/Ocean.ink-menubar.app/Contents/MacOS/Ocean.ink-menubar";
			};
			name = Debug;
		};
		467F0B791A2E405900D988DB /* Release */ = {
			isa = XCBuildConfiguration;
			buildSettings = {
				BUNDLE_LOADER = "$(TEST_HOST)";
				COMBINE_HIDPI_IMAGES = YES;
				FRAMEWORK_SEARCH_PATHS = (
					"$(DEVELOPER_FRAMEWORKS_DIR)",
					"$(inherited)",
				);
				INFOPLIST_FILE = "Ocean.ink-menubarTests/Info.plist";
				LD_RUNPATH_SEARCH_PATHS = "$(inherited) @executable_path/../Frameworks @loader_path/../Frameworks";
				PRODUCT_NAME = "$(TARGET_NAME)";
				TEST_HOST = "$(BUILT_PRODUCTS_DIR)/Ocean.ink-menubar.app/Contents/MacOS/Ocean.ink-menubar";
			};
			name = Release;
		};
/* End XCBuildConfiguration section */

/* Begin XCConfigurationList section */
		467F0B531A2E405900D988DB /* Build configuration list for PBXProject "Ocean.ink-menubar" */ = {
			isa = XCConfigurationList;
			buildConfigurations = (
				467F0B721A2E405900D988DB /* Debug */,
				467F0B731A2E405900D988DB /* Release */,
			);
			defaultConfigurationIsVisible = 0;
			defaultConfigurationName = Release;
		};
		467F0B741A2E405900D988DB /* Build configuration list for PBXNativeTarget "Ocean.ink-menubar" */ = {
			isa = XCConfigurationList;
			buildConfigurations = (
				467F0B751A2E405900D988DB /* Debug */,
				467F0B761A2E405900D988DB /* Release */,
			);
			defaultConfigurationIsVisible = 0;
			defaultConfigurationName = Release;
		};
		467F0B771A2E405900D988DB /* Build configuration list for PBXNativeTarget "Ocean.ink-menubarTests" */ = {
			isa = XCConfigurationList;
			buildConfigurations = (
				467F0B781A2E405900D988DB /* Debug */,
				467F0B791A2E405900D988DB /* Release */,
			);
			defaultConfigurationIsVisible = 0;
			defaultConfigurationName = Release;
		};
/* End XCConfigurationList section */
	};
	rootObject = 467F0B501A2E405900D988DB /* Project object */;
}
