// !$*UTF8*$!
{
	archiveVersion = 1;
	classes = {
	};
	objectVersion = 46;
	objects = {

/* Begin PBXBuildFile section */
		46CDA07F1A50B994001FCCB3 /* AppDelegate.swift in Sources */ = {isa = PBXBuildFile; fileRef = 46CDA07E1A50B994001FCCB3 /* AppDelegate.swift */; };
		46CDA0811A50B994001FCCB3 /* Images.xcassets in Resources */ = {isa = PBXBuildFile; fileRef = 46CDA0801A50B994001FCCB3 /* Images.xcassets */; };
		46CDA0841A50B994001FCCB3 /* MainMenu.xib in Resources */ = {isa = PBXBuildFile; fileRef = 46CDA0821A50B994001FCCB3 /* MainMenu.xib */; };
		46CDA0901A50B994001FCCB3 /* Ocean_ink_MenubarTests.swift in Sources */ = {isa = PBXBuildFile; fileRef = 46CDA08F1A50B994001FCCB3 /* Ocean_ink_MenubarTests.swift */; };
		46CDA0A21A50C439001FCCB3 /* AXStatusItemPopup.m in Sources */ = {isa = PBXBuildFile; fileRef = 46CDA0A11A50C439001FCCB3 /* AXStatusItemPopup.m */; };
		46CDA0A51A50C4DD001FCCB3 /* ContentViewController.swift in Sources */ = {isa = PBXBuildFile; fileRef = 46CDA0A31A50C4DD001FCCB3 /* ContentViewController.swift */; };
		46CDA0A61A50C4DD001FCCB3 /* ContentViewController.xib in Resources */ = {isa = PBXBuildFile; fileRef = 46CDA0A41A50C4DD001FCCB3 /* ContentViewController.xib */; };
/* End PBXBuildFile section */

/* Begin PBXContainerItemProxy section */
		46CDA08A1A50B994001FCCB3 /* PBXContainerItemProxy */ = {
			isa = PBXContainerItemProxy;
			containerPortal = 46CDA0711A50B994001FCCB3 /* Project object */;
			proxyType = 1;
			remoteGlobalIDString = 46CDA0781A50B994001FCCB3;
			remoteInfo = "Ocean.ink Menubar";
		};
/* End PBXContainerItemProxy section */

/* Begin PBXFileReference section */
		46CDA0791A50B994001FCCB3 /* Ocean.ink Menubar.app */ = {isa = PBXFileReference; explicitFileType = wrapper.application; includeInIndex = 0; path = "Ocean.ink Menubar.app"; sourceTree = BUILT_PRODUCTS_DIR; };
		46CDA07D1A50B994001FCCB3 /* Info.plist */ = {isa = PBXFileReference; lastKnownFileType = text.plist.xml; path = Info.plist; sourceTree = "<group>"; };
		46CDA07E1A50B994001FCCB3 /* AppDelegate.swift */ = {isa = PBXFileReference; lastKnownFileType = sourcecode.swift; path = AppDelegate.swift; sourceTree = "<group>"; };
		46CDA0801A50B994001FCCB3 /* Images.xcassets */ = {isa = PBXFileReference; lastKnownFileType = folder.assetcatalog; path = Images.xcassets; sourceTree = "<group>"; };
		46CDA0831A50B994001FCCB3 /* Base */ = {isa = PBXFileReference; lastKnownFileType = file.xib; name = Base; path = Base.lproj/MainMenu.xib; sourceTree = "<group>"; };
		46CDA0891A50B994001FCCB3 /* Ocean.ink MenubarTests.xctest */ = {isa = PBXFileReference; explicitFileType = wrapper.cfbundle; includeInIndex = 0; path = "Ocean.ink MenubarTests.xctest"; sourceTree = BUILT_PRODUCTS_DIR; };
		46CDA08E1A50B994001FCCB3 /* Info.plist */ = {isa = PBXFileReference; lastKnownFileType = text.plist.xml; path = Info.plist; sourceTree = "<group>"; };
		46CDA08F1A50B994001FCCB3 /* Ocean_ink_MenubarTests.swift */ = {isa = PBXFileReference; lastKnownFileType = sourcecode.swift; path = Ocean_ink_MenubarTests.swift; sourceTree = "<group>"; };
		46CDA0A01A50C439001FCCB3 /* AXStatusItemPopup.h */ = {isa = PBXFileReference; fileEncoding = 4; lastKnownFileType = sourcecode.c.h; path = AXStatusItemPopup.h; sourceTree = "<group>"; };
		46CDA0A11A50C439001FCCB3 /* AXStatusItemPopup.m */ = {isa = PBXFileReference; fileEncoding = 4; lastKnownFileType = sourcecode.c.objc; path = AXStatusItemPopup.m; sourceTree = "<group>"; };
		46CDA0A31A50C4DD001FCCB3 /* ContentViewController.swift */ = {isa = PBXFileReference; fileEncoding = 4; lastKnownFileType = sourcecode.swift; path = ContentViewController.swift; sourceTree = "<group>"; };
		46CDA0A41A50C4DD001FCCB3 /* ContentViewController.xib */ = {isa = PBXFileReference; fileEncoding = 4; lastKnownFileType = file.xib; path = ContentViewController.xib; sourceTree = "<group>"; };
		46CDA0AE1A50C64F001FCCB3 /* Ocean-ink-Menubar-Bridging-Header.h */ = {isa = PBXFileReference; fileEncoding = 4; lastKnownFileType = sourcecode.c.h; path = "Ocean-ink-Menubar-Bridging-Header.h"; sourceTree = "<group>"; };
		46CDA0B01A50CD27001FCCB3 /* Social.framework */ = {isa = PBXFileReference; lastKnownFileType = wrapper.framework; name = Social.framework; path = System/Library/Frameworks/Social.framework; sourceTree = SDKROOT; };
		46CDA0B31A50D668001FCCB3 /* Fabric.framework */ = {isa = PBXFileReference; lastKnownFileType = wrapper.framework; path = Fabric.framework; sourceTree = "<group>"; };
/* End PBXFileReference section */

/* Begin PBXFrameworksBuildPhase section */
		46CDA0761A50B994001FCCB3 /* Frameworks */ = {
			isa = PBXFrameworksBuildPhase;
			buildActionMask = 2147483647;
			files = (
			);
			runOnlyForDeploymentPostprocessing = 0;
		};
		46CDA0861A50B994001FCCB3 /* Frameworks */ = {
			isa = PBXFrameworksBuildPhase;
			buildActionMask = 2147483647;
			files = (
			);
			runOnlyForDeploymentPostprocessing = 0;
		};
/* End PBXFrameworksBuildPhase section */

/* Begin PBXGroup section */
		46CDA0701A50B994001FCCB3 = {
			isa = PBXGroup;
			children = (
				46CDA0B31A50D668001FCCB3 /* Fabric.framework */,
				46CDA0B01A50CD27001FCCB3 /* Social.framework */,
				46CDA07B1A50B994001FCCB3 /* Ocean.ink Menubar */,
				46CDA08C1A50B994001FCCB3 /* Ocean.ink MenubarTests */,
				46CDA07A1A50B994001FCCB3 /* Products */,
			);
			sourceTree = "<group>";
		};
		46CDA07A1A50B994001FCCB3 /* Products */ = {
			isa = PBXGroup;
			children = (
				46CDA0791A50B994001FCCB3 /* Ocean.ink Menubar.app */,
				46CDA0891A50B994001FCCB3 /* Ocean.ink MenubarTests.xctest */,
			);
			name = Products;
			sourceTree = "<group>";
		};
		46CDA07B1A50B994001FCCB3 /* Ocean.ink Menubar */ = {
			isa = PBXGroup;
			children = (
				46CDA07E1A50B994001FCCB3 /* AppDelegate.swift */,
				46CDA0801A50B994001FCCB3 /* Images.xcassets */,
				46CDA0821A50B994001FCCB3 /* MainMenu.xib */,
				46CDA0A31A50C4DD001FCCB3 /* ContentViewController.swift */,
				46CDA0A41A50C4DD001FCCB3 /* ContentViewController.xib */,
				46CDA09F1A50C439001FCCB3 /* AXStatusItemPopup */,
				46CDA07C1A50B994001FCCB3 /* Supporting Files */,
			);
			path = "Ocean.ink Menubar";
			sourceTree = "<group>";
		};
		46CDA07C1A50B994001FCCB3 /* Supporting Files */ = {
			isa = PBXGroup;
			children = (
				46CDA07D1A50B994001FCCB3 /* Info.plist */,
				46CDA0AE1A50C64F001FCCB3 /* Ocean-ink-Menubar-Bridging-Header.h */,
			);
			name = "Supporting Files";
			sourceTree = "<group>";
		};
		46CDA08C1A50B994001FCCB3 /* Ocean.ink MenubarTests */ = {
			isa = PBXGroup;
			children = (
				46CDA08F1A50B994001FCCB3 /* Ocean_ink_MenubarTests.swift */,
				46CDA08D1A50B994001FCCB3 /* Supporting Files */,
			);
			path = "Ocean.ink MenubarTests";
			sourceTree = "<group>";
		};
		46CDA08D1A50B994001FCCB3 /* Supporting Files */ = {
			isa = PBXGroup;
			children = (
				46CDA08E1A50B994001FCCB3 /* Info.plist */,
			);
			name = "Supporting Files";
			sourceTree = "<group>";
		};
		46CDA09F1A50C439001FCCB3 /* AXStatusItemPopup */ = {
			isa = PBXGroup;
			children = (
				46CDA0A01A50C439001FCCB3 /* AXStatusItemPopup.h */,
				46CDA0A11A50C439001FCCB3 /* AXStatusItemPopup.m */,
			);
			name = AXStatusItemPopup;
			path = AXStatusItemPopup/AXStatusItemPopup;
			sourceTree = SOURCE_ROOT;
		};
/* End PBXGroup section */

/* Begin PBXNativeTarget section */
		46CDA0781A50B994001FCCB3 /* Ocean.ink Menubar */ = {
			isa = PBXNativeTarget;
			buildConfigurationList = 46CDA0931A50B994001FCCB3 /* Build configuration list for PBXNativeTarget "Ocean.ink Menubar" */;
			buildPhases = (
				46CDA0751A50B994001FCCB3 /* Sources */,
				46CDA0761A50B994001FCCB3 /* Frameworks */,
				46CDA0771A50B994001FCCB3 /* Resources */,
			);
			buildRules = (
			);
			dependencies = (
			);
			name = "Ocean.ink Menubar";
			productName = "Ocean.ink Menubar";
			productReference = 46CDA0791A50B994001FCCB3 /* Ocean.ink Menubar.app */;
			productType = "com.apple.product-type.application";
		};
		46CDA0881A50B994001FCCB3 /* Ocean.ink MenubarTests */ = {
			isa = PBXNativeTarget;
			buildConfigurationList = 46CDA0961A50B994001FCCB3 /* Build configuration list for PBXNativeTarget "Ocean.ink MenubarTests" */;
			buildPhases = (
				46CDA0851A50B994001FCCB3 /* Sources */,
				46CDA0861A50B994001FCCB3 /* Frameworks */,
				46CDA0871A50B994001FCCB3 /* Resources */,
			);
			buildRules = (
			);
			dependencies = (
				46CDA08B1A50B994001FCCB3 /* PBXTargetDependency */,
			);
			name = "Ocean.ink MenubarTests";
			productName = "Ocean.ink MenubarTests";
			productReference = 46CDA0891A50B994001FCCB3 /* Ocean.ink MenubarTests.xctest */;
			productType = "com.apple.product-type.bundle.unit-test";
		};
/* End PBXNativeTarget section */

/* Begin PBXProject section */
		46CDA0711A50B994001FCCB3 /* Project object */ = {
			isa = PBXProject;
			attributes = {
				LastUpgradeCheck = 0610;
				ORGANIZATIONNAME = asb;
				TargetAttributes = {
					46CDA0781A50B994001FCCB3 = {
						CreatedOnToolsVersion = 6.1.1;
					};
					46CDA0881A50B994001FCCB3 = {
						CreatedOnToolsVersion = 6.1.1;
						TestTargetID = 46CDA0781A50B994001FCCB3;
					};
				};
			};
			buildConfigurationList = 46CDA0741A50B994001FCCB3 /* Build configuration list for PBXProject "Ocean.ink Menubar" */;
			compatibilityVersion = "Xcode 3.2";
			developmentRegion = English;
			hasScannedForEncodings = 0;
			knownRegions = (
				en,
				Base,
			);
			mainGroup = 46CDA0701A50B994001FCCB3;
			productRefGroup = 46CDA07A1A50B994001FCCB3 /* Products */;
			projectDirPath = "";
			projectRoot = "";
			targets = (
				46CDA0781A50B994001FCCB3 /* Ocean.ink Menubar */,
				46CDA0881A50B994001FCCB3 /* Ocean.ink MenubarTests */,
			);
		};
/* End PBXProject section */

/* Begin PBXResourcesBuildPhase section */
		46CDA0771A50B994001FCCB3 /* Resources */ = {
			isa = PBXResourcesBuildPhase;
			buildActionMask = 2147483647;
			files = (
				46CDA0811A50B994001FCCB3 /* Images.xcassets in Resources */,
				46CDA0841A50B994001FCCB3 /* MainMenu.xib in Resources */,
				46CDA0A61A50C4DD001FCCB3 /* ContentViewController.xib in Resources */,
			);
			runOnlyForDeploymentPostprocessing = 0;
		};
		46CDA0871A50B994001FCCB3 /* Resources */ = {
			isa = PBXResourcesBuildPhase;
			buildActionMask = 2147483647;
			files = (
			);
			runOnlyForDeploymentPostprocessing = 0;
		};
/* End PBXResourcesBuildPhase section */

/* Begin PBXSourcesBuildPhase section */
		46CDA0751A50B994001FCCB3 /* Sources */ = {
			isa = PBXSourcesBuildPhase;
			buildActionMask = 2147483647;
			files = (
				46CDA0A21A50C439001FCCB3 /* AXStatusItemPopup.m in Sources */,
				46CDA0A51A50C4DD001FCCB3 /* ContentViewController.swift in Sources */,
				46CDA07F1A50B994001FCCB3 /* AppDelegate.swift in Sources */,
			);
			runOnlyForDeploymentPostprocessing = 0;
		};
		46CDA0851A50B994001FCCB3 /* Sources */ = {
			isa = PBXSourcesBuildPhase;
			buildActionMask = 2147483647;
			files = (
				46CDA0901A50B994001FCCB3 /* Ocean_ink_MenubarTests.swift in Sources */,
			);
			runOnlyForDeploymentPostprocessing = 0;
		};
/* End PBXSourcesBuildPhase section */

/* Begin PBXTargetDependency section */
		46CDA08B1A50B994001FCCB3 /* PBXTargetDependency */ = {
			isa = PBXTargetDependency;
			target = 46CDA0781A50B994001FCCB3 /* Ocean.ink Menubar */;
			targetProxy = 46CDA08A1A50B994001FCCB3 /* PBXContainerItemProxy */;
		};
/* End PBXTargetDependency section */

/* Begin PBXVariantGroup section */
		46CDA0821A50B994001FCCB3 /* MainMenu.xib */ = {
			isa = PBXVariantGroup;
			children = (
				46CDA0831A50B994001FCCB3 /* Base */,
			);
			name = MainMenu.xib;
			sourceTree = "<group>";
		};
/* End PBXVariantGroup section */

/* Begin XCBuildConfiguration section */
		46CDA0911A50B994001FCCB3 /* Debug */ = {
			isa = XCBuildConfiguration;
			buildSettings = {
				ALWAYS_SEARCH_USER_PATHS = NO;
				CLANG_CXX_LANGUAGE_STANDARD = "gnu++0x";
				CLANG_CXX_LIBRARY = "libc++";
				CLANG_ENABLE_MODULES = YES;
				CLANG_ENABLE_OBJC_ARC = YES;
				CLANG_WARN_BOOL_CONVERSION = YES;
				CLANG_WARN_CONSTANT_CONVERSION = YES;
				CLANG_WARN_DIRECT_OBJC_ISA_USAGE = YES_ERROR;
				CLANG_WARN_EMPTY_BODY = YES;
				CLANG_WARN_ENUM_CONVERSION = YES;
				CLANG_WARN_INT_CONVERSION = YES;
				CLANG_WARN_OBJC_ROOT_CLASS = YES_ERROR;
				CLANG_WARN_UNREACHABLE_CODE = YES;
				CLANG_WARN__DUPLICATE_METHOD_MATCH = YES;
				CODE_SIGN_IDENTITY = "-";
				COPY_PHASE_STRIP = NO;
				ENABLE_STRICT_OBJC_MSGSEND = YES;
				GCC_C_LANGUAGE_STANDARD = gnu99;
				GCC_DYNAMIC_NO_PIC = NO;
				GCC_OPTIMIZATION_LEVEL = 0;
				GCC_PREPROCESSOR_DEFINITIONS = (
					"DEBUG=1",
					"$(inherited)",
				);
				GCC_SYMBOLS_PRIVATE_EXTERN = NO;
				GCC_WARN_64_TO_32_BIT_CONVERSION = YES;
				GCC_WARN_ABOUT_RETURN_TYPE = YES_ERROR;
				GCC_WARN_UNDECLARED_SELECTOR = YES;
				GCC_WARN_UNINITIALIZED_AUTOS = YES_AGGRESSIVE;
				GCC_WARN_UNUSED_FUNCTION = YES;
				GCC_WARN_UNUSED_VARIABLE = YES;
				MACOSX_DEPLOYMENT_TARGET = 10.10;
				MTL_ENABLE_DEBUG_INFO = YES;
				ONLY_ACTIVE_ARCH = YES;
				SDKROOT = macosx;
				SWIFT_OBJC_BRIDGING_HEADER = "$(PROJECT_DIR)/Ocean.ink Menubar/Ocean-ink-Menubar-Bridging-Header.h";
				SWIFT_OPTIMIZATION_LEVEL = "-Onone";
			};
			name = Debug;
		};
		46CDA0921A50B994001FCCB3 /* Release */ = {
			isa = XCBuildConfiguration;
			buildSettings = {
				ALWAYS_SEARCH_USER_PATHS = NO;
				CLANG_CXX_LANGUAGE_STANDARD = "gnu++0x";
				CLANG_CXX_LIBRARY = "libc++";
				CLANG_ENABLE_MODULES = YES;
				CLANG_ENABLE_OBJC_ARC = YES;
				CLANG_WARN_BOOL_CONVERSION = YES;
				CLANG_WARN_CONSTANT_CONVERSION = YES;
				CLANG_WARN_DIRECT_OBJC_ISA_USAGE = YES_ERROR;
				CLANG_WARN_EMPTY_BODY = YES;
				CLANG_WARN_ENUM_CONVERSION = YES;
				CLANG_WARN_INT_CONVERSION = YES;
				CLANG_WARN_OBJC_ROOT_CLASS = YES_ERROR;
				CLANG_WARN_UNREACHABLE_CODE = YES;
				CLANG_WARN__DUPLICATE_METHOD_MATCH = YES;
				CODE_SIGN_IDENTITY = "-";
				COPY_PHASE_STRIP = YES;
				DEBUG_INFORMATION_FORMAT = "dwarf-with-dsym";
				ENABLE_NS_ASSERTIONS = NO;
				ENABLE_STRICT_OBJC_MSGSEND = YES;
				GCC_C_LANGUAGE_STANDARD = gnu99;
				GCC_WARN_64_TO_32_BIT_CONVERSION = YES;
				GCC_WARN_ABOUT_RETURN_TYPE = YES_ERROR;
				GCC_WARN_UNDECLARED_SELECTOR = YES;
				GCC_WARN_UNINITIALIZED_AUTOS = YES_AGGRESSIVE;
				GCC_WARN_UNUSED_FUNCTION = YES;
				GCC_WARN_UNUSED_VARIABLE = YES;
				MACOSX_DEPLOYMENT_TARGET = 10.10;
				MTL_ENABLE_DEBUG_INFO = NO;
				SDKROOT = macosx;
				SWIFT_OBJC_BRIDGING_HEADER = "$(PROJECT_DIR)/Ocean.ink Menubar/Ocean-ink-Menubar-Bridging-Header.h";
			};
			name = Release;
		};
		46CDA0941A50B994001FCCB3 /* Debug */ = {
			isa = XCBuildConfiguration;
			buildSettings = {
				ASSETCATALOG_COMPILER_APPICON_NAME = AppIcon;
				COMBINE_HIDPI_IMAGES = YES;
				FRAMEWORK_SEARCH_PATHS = (
					"$(inherited)",
					"$(PROJECT_DIR)",
				);
				INFOPLIST_FILE = "Ocean.ink Menubar/Info.plist";
				LD_RUNPATH_SEARCH_PATHS = "$(inherited) @executable_path/../Frameworks";
				PRODUCT_NAME = "$(TARGET_NAME)";
			};
			name = Debug;
		};
		46CDA0951A50B994001FCCB3 /* Release */ = {
			isa = XCBuildConfiguration;
			buildSettings = {
				ASSETCATALOG_COMPILER_APPICON_NAME = AppIcon;
				COMBINE_HIDPI_IMAGES = YES;
				FRAMEWORK_SEARCH_PATHS = (
					"$(inherited)",
					"$(PROJECT_DIR)",
				);
				INFOPLIST_FILE = "Ocean.ink Menubar/Info.plist";
				LD_RUNPATH_SEARCH_PATHS = "$(inherited) @executable_path/../Frameworks";
				PRODUCT_NAME = "$(TARGET_NAME)";
			};
			name = Release;
		};
		46CDA0971A50B994001FCCB3 /* Debug */ = {
			isa = XCBuildConfiguration;
			buildSettings = {
				BUNDLE_LOADER = "$(TEST_HOST)";
				COMBINE_HIDPI_IMAGES = YES;
				FRAMEWORK_SEARCH_PATHS = (
					"$(DEVELOPER_FRAMEWORKS_DIR)",
					"$(inherited)",
				);
				GCC_PREPROCESSOR_DEFINITIONS = (
					"DEBUG=1",
					"$(inherited)",
				);
				INFOPLIST_FILE = "Ocean.ink MenubarTests/Info.plist";
				LD_RUNPATH_SEARCH_PATHS = "$(inherited) @executable_path/../Frameworks @loader_path/../Frameworks";
				PRODUCT_NAME = "$(TARGET_NAME)";
				TEST_HOST = "$(BUILT_PRODUCTS_DIR)/Ocean.ink Menubar.app/Contents/MacOS/Ocean.ink Menubar";
			};
			name = Debug;
		};
		46CDA0981A50B994001FCCB3 /* Release */ = {
			isa = XCBuildConfiguration;
			buildSettings = {
				BUNDLE_LOADER = "$(TEST_HOST)";
				COMBINE_HIDPI_IMAGES = YES;
				FRAMEWORK_SEARCH_PATHS = (
					"$(DEVELOPER_FRAMEWORKS_DIR)",
					"$(inherited)",
				);
				INFOPLIST_FILE = "Ocean.ink MenubarTests/Info.plist";
				LD_RUNPATH_SEARCH_PATHS = "$(inherited) @executable_path/../Frameworks @loader_path/../Frameworks";
				PRODUCT_NAME = "$(TARGET_NAME)";
				TEST_HOST = "$(BUILT_PRODUCTS_DIR)/Ocean.ink Menubar.app/Contents/MacOS/Ocean.ink Menubar";
			};
			name = Release;
		};
/* End XCBuildConfiguration section */

/* Begin XCConfigurationList section */
		46CDA0741A50B994001FCCB3 /* Build configuration list for PBXProject "Ocean.ink Menubar" */ = {
			isa = XCConfigurationList;
			buildConfigurations = (
				46CDA0911A50B994001FCCB3 /* Debug */,
				46CDA0921A50B994001FCCB3 /* Release */,
			);
			defaultConfigurationIsVisible = 0;
			defaultConfigurationName = Release;
		};
		46CDA0931A50B994001FCCB3 /* Build configuration list for PBXNativeTarget "Ocean.ink Menubar" */ = {
			isa = XCConfigurationList;
			buildConfigurations = (
				46CDA0941A50B994001FCCB3 /* Debug */,
				46CDA0951A50B994001FCCB3 /* Release */,
			);
			defaultConfigurationIsVisible = 0;
			defaultConfigurationName = Release;
		};
		46CDA0961A50B994001FCCB3 /* Build configuration list for PBXNativeTarget "Ocean.ink MenubarTests" */ = {
			isa = XCConfigurationList;
			buildConfigurations = (
				46CDA0971A50B994001FCCB3 /* Debug */,
				46CDA0981A50B994001FCCB3 /* Release */,
			);
			defaultConfigurationIsVisible = 0;
			defaultConfigurationName = Release;
		};
/* End XCConfigurationList section */
	};
	rootObject = 46CDA0711A50B994001FCCB3 /* Project object */;
}
